
Microsoft Visual Studio Solution File, Format Version 12.00
# Visual Studio Version 16
VisualStudioVersion = 16.0.30611.23
MinimumVisualStudioVersion = 10.0.40219.1
Project("{FAE04EC0-301F-11D3-BF4B-00C04F79EFBC}") = "AutoFixture", "AutoFixture\AutoFixture.csproj", "{D88E8300-7064-4274-AC7D-6A5CAEB65828}"
EndProject
Global
	GlobalSection(SolutionConfigurationPlatforms) = preSolution
		Debug|Any CPU = Debug|Any CPU
		Release|Any CPU = Release|Any CPU
	EndGlobalSection
	GlobalSection(ProjectConfigurationPlatforms) = postSolution
		{D88E8300-7064-4274-AC7D-6A5CAEB65828}.Debug|Any CPU.ActiveCfg = Debug|Any CPU
		{D88E8300-7064-4274-AC7D-6A5CAEB65828}.Debug|Any CPU.Build.0 = Debug|Any CPU
		{D88E8300-7064-4274-AC7D-6A5CAEB65828}.Release|Any CPU.ActiveCfg = Release|Any CPU
		{D88E8300-7064-4274-AC7D-6A5CAEB65828}.Release|Any CPU.Build.0 = Release|Any CPU
	EndGlobalSection
	GlobalSection(SolutionProperties) = preSolution
		HideSolutionNode = FALSE
	EndGlobalSection
	GlobalSection(ExtensibilityGlobals) = postSolution
		SolutionGuid = {14249A8F-9C90-4CD1-941E-F59A020B0C15}
	EndGlobalSection
EndGlobal
